
Microsoft Visual Studio Solution File, Format Version 12.00
# Visual Studio 2012
Project("{E24C65DC-7377-472B-9ABA-BC803B73C61A}") = "CONTACT MANAGER", ".", "{FC363F88-212F-46F7-A8F7-034ECE7B6B2A}"
	ProjectSection(WebsiteProperties) = preProject
		TargetFrameworkMoniker = ".NETFramework,Version%3Dv4.0"
		Debug.AspNetCompiler.VirtualPath = "/CONTACT MANAGER"
		Debug.AspNetCompiler.PhysicalPath = "D:\Hanvik\WebDev\CONTACT MANAGER\"
		Debug.AspNetCompiler.TargetPath = "PrecompiledWeb\CONTACT MANAGER\"
		Debug.AspNetCompiler.Updateable = "true"
		Debug.AspNetCompiler.ForceOverwrite = "true"
		Debug.AspNetCompiler.FixedNames = "false"
		Debug.AspNetCompiler.Debug = "True"
		Release.AspNetCompiler.VirtualPath = "/CONTACT MANAGER"
		Release.AspNetCompiler.PhysicalPath = "D:\Hanvik\WebDev\CONTACT MANAGER\"
		Release.AspNetCompiler.TargetPath = "PrecompiledWeb\CONTACT MANAGER\"
		Release.AspNetCompiler.Updateable = "true"
		Release.AspNetCompiler.ForceOverwrite = "true"
		Release.AspNetCompiler.FixedNames = "false"
		Release.AspNetCompiler.Debug = "False"
		VWDPort = "52835"
	EndProjectSection
EndProject
Global
	GlobalSection(SolutionConfigurationPlatforms) = preSolution
		Debug|Any CPU = Debug|Any CPU
	EndGlobalSection
	GlobalSection(ProjectConfigurationPlatforms) = postSolution
		{FC363F88-212F-46F7-A8F7-034ECE7B6B2A}.Debug|Any CPU.ActiveCfg = Debug|Any CPU
		{FC363F88-212F-46F7-A8F7-034ECE7B6B2A}.Debug|Any CPU.Build.0 = Debug|Any CPU
	EndGlobalSection
	GlobalSection(SolutionProperties) = preSolution
		HideSolutionNode = FALSE
	EndGlobalSection
EndGlobal
